# Linux x86_64 / Python 3.12.3 / CUDA 12.8. Use the accompanying wheelhouse.
astroplan==0.10.1 --hash=sha256:f668c345551bba954a01b4eb7ec5a258789861dcfc850b7506ed544249ed1295
astropy==7.2.0 --hash=sha256:2f39ce2c80211fbceb005d377a5478cd0d66c42aa1498d252f2239fe5a025c24
astropy-healpix==1.1.3 --hash=sha256:49dc32289c7fd98c8dbe6794326d9298920dd9212f99d3bcdef31a19a1cde8ea
astropy-iers-data==0.2026.4.1.15.5.49 --hash=sha256:ca90106817015638234cfeb41a6543d51149d64ab0b495b76863d33411846f25
attrs==25.3.0 --hash=sha256:427318ce031701fea540783410126f03899a97ffc6f61596ad581ac2e40e3bc3
beautifulsoup4==4.13.4 --hash=sha256:9bbbb14bfde9d79f38b8cd5f8c7c85f4b8f2523190ebed90e950a8dea4cb1c4b
bilby==2.8.0 --hash=sha256:c3eff2908792b18ba48ac9d8b68b959cbf1f3fd1163923b1acecb27b2f16345b
bilby-cython==0.5.3 --hash=sha256:44e5e381c2861e26a4e1fd5c591ea0c3c9a0e2f0d8c78f28f8704abf2945cd8d
certifi==2026.5.20 --hash=sha256:3c52e209ba0a4ad7aebe60436a4ab349c39e1e602e8c134221e546902ad25897
cffi==2.0.0 --hash=sha256:3e17ed538242334bf70832644a32a7aae3d83b57567f9fd60a26257e992b79ba
charset-normalizer==2.0.4 --hash=sha256:0c8911edd15d19223366a194a513099a302055a962bca2cec0f54b8b63175d8b
click==8.3.1 --hash=sha256:981153a64e25f12d547d3426c367a4857371575ee7ad18df2a6183ab0545b2a6
cloudpickle==3.1.2 --hash=sha256:9acb47f6afd73f60dc1df93bb801b472f05ff42fa6c84167d25cb206be1fbf4a
contourpy==1.3.3 --hash=sha256:4d00e655fcef08aba35ec9610536bfe90267d7ab5ba944f7032549c55a146da1
corner==2.2.3 --hash=sha256:39674b223482456c3a78234dc7bdefd21188a2d47bb8cd468104a0501f6659ec
cryptography==46.0.6 --hash=sha256:d4e4aadb7fc1f88687f47ca20bb7227981b03afaae69287029da08096853b738
cycler==0.12.1 --hash=sha256:85cef7cff222d8644161529808465972e51340599459b8ac3ccbac5a854e0d30
cython==3.2.4 --hash=sha256:55b6c44cd30821f0b25220ceba6fe636ede48981d2a41b9bbfe3c7902ce44ea7
dask==2026.6.0 --hash=sha256:1539859071065dca379ca592ff76e911cd7965dc466da0040354ab466179189b
dask-image==2026.5.0 --hash=sha256:acf86cd7f0f1e97804198d30b7cc931efd29f9dec86c65ec004b50405c3f5227
dateparser==1.4.0 --hash=sha256:7902b8e85d603494bf70a5a0b1decdddb2270b9c6e6b2bc8a57b93476c0df378
dill==0.4.1 --hash=sha256:1e1ce33e978ae97fcfcff5638477032b801c46c7c65cf717f95fbc2248f79a9d
donfig==0.8.1.post1 --hash=sha256:2a3175ce74a06109ff9307d90a230f81215cbac9a751f4d1c6194644b8204f9d
dqsegdb2==1.3.0 --hash=sha256:c93087da332b7d91519a370abed3cfc91b64a6bf393ec64d79c2747c837aeb66
dynesty==3.0.0 --hash=sha256:4cdbbb39c61158f4d882445b064b742fcdc4d03ba9b2ba845801cd2ca6fcb761
emcee==3.1.6 --hash=sha256:f2d63752023bdccf744461450e512a5b417ae7d28f18e12acd76a33de87580cb
filelock==3.18.0 --hash=sha256:c401f4f8377c4464e6db25fff06205fd89bdd83b65eb0488ed1b160f780e21de
fonttools==4.59.0 --hash=sha256:4536f2695fe5c1ffb528d84a35a7d3967e5558d2af58b4775e7ab1449d65767b
fsspec==2025.7.0 --hash=sha256:8b012e39f63c7d5f10474de957f3ab793b47b45ae7d39f2fb735f8bbe25c0e21
google-crc32c==1.8.0 --hash=sha256:14f87e04d613dfa218d6135e81b78272c3b904e2a7053b841481b38a7d901411
gwdatafind==2.1.1 --hash=sha256:6e6d430fa243e6241ca0c214f1916f7973cf1937716bbca52d99a9b88650faeb
gwosc==0.8.1 --hash=sha256:e6040e1901f8b8e43a7ed292f92a17eb67490a85124c93d45b2ab50ae4000b41
gwpy==4.0.1 --hash=sha256:587eb66443e41450bd89bf64891e323943afad3be385fccc1645eda2710908b7
h5py==3.16.0 --hash=sha256:dfc21898ff025f1e8e67e194965a95a8d4754f452f83454538f98f8a3fcb207e
healpy==1.19.0 --hash=sha256:730095eef4bbe3c94039edb330d1800285cf43c7e16a81ce5b87edb31a8ffa42
idna==3.7 --hash=sha256:82fee1fc78add43492d3a1898bfa6d8a904cc97d8427f683ed8e798d07761aa0
igwn-auth-utils==1.4.0 --hash=sha256:3936dbc4e630b1a31eeb1376abf25ac7b518629f84e34ecc37a9d88ebd86e582
igwn-ligolw==2.1.1 --hash=sha256:5b72a5a5d2b630fbfb659102bc9dc06a5f9a0b4740ca2202d319dcba172642d1
igwn-segments==2.1.1 --hash=sha256:f550aa55fa4165c1d3d8571d67523a010b5b365ee363516e542f732cbe54a1d8
imageio==2.37.3 --hash=sha256:46f5bb8522cd421c0f5ae104d8268f569d856b29eb1a13b92829d1970f32c9f0
jinja2==3.1.6 --hash=sha256:85ece4451f492d0c13c5dd7c13a64681a86afae63a5f347908daf103ce6d2f67
joblib==1.5.3 --hash=sha256:5fc3c5039fc5ca8c0276333a188bbd59d6b7ab37fe6632daa76bc7f9ec18e713
kiwisolver==1.4.8 --hash=sha256:cc978a80a0db3a66d25767b03688f1147a69e6237175c0f4ffffaaedf744055a
lalsuite==7.26.4 --hash=sha256:d37698363f9ec74255514ecadc5d8aeb4aca7ad3f04cd50534ac0caffe55f4bf
ligo-gracedb==2.15.7 --hash=sha256:b7e7f0770766954def4c1eb42aa5d8ad7a445e54f71ecbc6b2201f952af8cc33
ligo-skymap==2.5.4 --hash=sha256:3368c0f2aa1e0176539dc39e2a811776fcf1fef4870e57740ea1e21c4a726b3e
ligotimegps==2.1.0 --hash=sha256:14dbbb07b175b94b4e1a519d7baa4548f0ea07bc71ef7d7f096ad8397d359043
locket==1.0.0 --hash=sha256:b6c819a722f7b6bd955b80781788e4a66a55628b858d347536b7e81325a3a5e3
lscsoft-glue==4.1.1 --hash=sha256:3e34b0dee5a1e8d2085f701398b184cd4541c4c23baf7f3ae451ee3d8eab4251
mako==1.3.10 --hash=sha256:baef24a52fc4fc514a0887ac600f9f1cff3d82c61d4d700a1fa84d597b88db59
markupsafe==3.0.2 --hash=sha256:e17c96c14e19278594aa4841ec148115f9c7615a47382ecb6b82bd8fea3ab0c8
matplotlib==3.10.5 --hash=sha256:a17e57e33de901d221a07af32c08870ed4528db0b6059dce7d7e65c1122d4bea
mpld3==0.5.12 --hash=sha256:bea31799a4041029a906f53f2662bbf1c49903e0c0bc712b412354158ec7cf54
mpmath==1.3.0 --hash=sha256:a0b2b9fe80bbcd81a6647ff13108738cfb482d481d826cc0e02f5b35e5c88d2c
networkx==3.5 --hash=sha256:0030d386a9a06dee3565298b4a734b68589749a544acbb6c412dc9e2489ec6ec
numcodecs==0.16.5 --hash=sha256:ad1a379a45bd3491deab8ae6548313946744f868c21d5340116977ea3be5b1d6
numpy==2.2.6 --hash=sha256:fd83c01228a688733f1ded5201c678f0c53ecc1006ffbc404db9f7a899ac6249
nvidia-cublas-cu12==12.8.4.1 --hash=sha256:8ac4e771d5a348c551b2a426eda6193c19aa630236b418086020df5ba9667142
nvidia-cuda-cupti-cu12==12.8.90 --hash=sha256:ea0cb07ebda26bb9b29ba82cda34849e73c166c18162d3913575b0c9db9a6182
nvidia-cuda-nvrtc-cu12==12.8.93 --hash=sha256:a7756528852ef889772a84c6cd89d41dfa74667e24cca16bb31f8f061e3e9994
nvidia-cuda-runtime-cu12==12.8.90 --hash=sha256:adade8dcbd0edf427b7204d480d6066d33902cab2a4707dcfc48a2d0fd44ab90
nvidia-cudnn-cu12==9.10.2.21 --hash=sha256:949452be657fa16687d0930933f032835951ef0892b37d2d53824d1a84dc97a8
nvidia-cufft-cu12==11.3.3.83 --hash=sha256:4d2dd21ec0b88cf61b62e6b43564355e5222e4a3fb394cac0db101f2dd0d4f74
nvidia-cufile-cu12==1.13.1.3 --hash=sha256:1d069003be650e131b21c932ec3d8969c1715379251f8d23a1860554b1cb24fc
nvidia-curand-cu12==10.3.9.90 --hash=sha256:b32331d4f4df5d6eefa0554c565b626c7216f87a06a4f56fab27c3b68a830ec9
nvidia-cusolver-cu12==11.7.3.90 --hash=sha256:4376c11ad263152bd50ea295c05370360776f8c3427b30991df774f9fb26c450
nvidia-cusparse-cu12==12.5.8.93 --hash=sha256:1ec05d76bbbd8b61b06a80e1eaf8cf4959c3d4ce8e711b65ebd0443bb0ebb13b
nvidia-cusparselt-cu12==0.7.1 --hash=sha256:f1bb701d6b930d5a7cea44c19ceb973311500847f81b634d802b7b539dc55623
nvidia-nccl-cu12==2.27.3 --hash=sha256:adf27ccf4238253e0b826bce3ff5fa532d65fc42322c8bfdfaf28024c0fbe039
nvidia-nvjitlink-cu12==12.8.93 --hash=sha256:81ff63371a7ebd6e6451970684f916be2eab07321b73c9d244dc2b4da7f73b88
nvidia-nvtx-cu12==12.8.90 --hash=sha256:5b17e2001cc0d751a5bc2c6ec6d26ad95913324a4adb86788c944f8ce9ba441f
packaging==26.0 --hash=sha256:b36f1fef9334a5588b4166f8bcd26a14e521f2b55e6b9de3aaa80d3ff7a37529
pandas==2.2.3 --hash=sha256:fffb8ae78d8af97f849404f21411c95062db1496aeb3e56f146f0355c9989319
partd==1.4.2 --hash=sha256:978e4ac767ec4ba5b86c6eaa52e5a2a3bc748a2ca839e8cc798f1cc6ce6efb0f
pegasus-wms-api==5.1.2 --hash=sha256:7cf8fd3a801dcb5882d3cf7c1475fc7e584594cfcec2d6fa36d067c9c936526f
pegasus-wms-common==5.1.2 --hash=sha256:27a47a34f785e719b727ab3cc00d93c5a1a462f8c9451fa22adceb838a2fbf09
pillow==11.3.0 --hash=sha256:676b2815362456b5b3216b4fd5bd89d362100dc6f4945154ff172e206a22c024
pims==0.7 --hash=sha256:3e56df7c08ac9198853546bc567ff103d13b51b060ad37529cb4787614f80b52
pip==26.1.1 --hash=sha256:99cb1c2899893b075ff56e4ed0af55669a955b49ad7fb8d8603ecdaf4ed653fb
psutil==7.0.0 --hash=sha256:4b1388a4f6875d7e2aff5c4ca1cc16c545ed41dd8bb596cefea80111db353a34
pyarrow==16.1.0 --hash=sha256:e1369af39587b794873b8a307cc6623a3b1194e69399af0efd05bb202195a5a7
pyavm==0.9.9 --hash=sha256:8bba0ee9645a8a9f215af9ceea67b494a6ee1fe380cebdc00ba99d781539ad76
pycbc==2.10.0 --hash=sha256:e6c43aa941cf05a365b2ae142b50e73f4611239c14dd955fc1fefc20cb98d64c
pycparser==2.21 --hash=sha256:8ee45429555515e1f6b185e78100aea234072576aa43ab53aefcae078162fca9
pyerfa==2.0.1.5 --hash=sha256:0e43c7194e3242083f2350b46c09fd4bf8ba1bcc0ebd1460b98fc47fe2389906
pyjwt==2.12.1 --hash=sha256:28ca37c070cad8ba8cd9790cd940535d40274d22f80ab87f3ac6a713e6e8454c
pykerr==0.2.0 --hash=sha256:2dda242b747a0a8cb69b5a73ebfdefd10a6991ad6f05d7423d73952a13828877
pyparsing==3.2.3 --hash=sha256:a749938e02d6fd0b59b356ca504a24982314bb090c383e3cf201c95ef7e2bfcf
python-dateutil==2.9.0.post0 --hash=sha256:a8b2bc7bffae282281c8140a97d3aa9c14da0b136dfe83f850eea9a5f7470427
pytz==2026.2 --hash=sha256:04156e608bee23d3792fd45c94ae47fae1036688e75032eea2e3bf0323d1f126
pyyaml==6.0.2 --hash=sha256:80bab7bfc629882493af4aa31a4cfa43a4c57c83813253626916b8c7ada83476
regex==2026.3.32 --hash=sha256:f54840bea73541652f1170dc63402a5b776fc851ad36a842da9e5163c1f504a0
reproject==0.20.0 --hash=sha256:f9028c6ba5493096d96b5b0ddc7ffd57f48c63535c6ea1f88cac18e9e9869187
requests==2.34.2 --hash=sha256:2a0d60c172f83ac6ab31e4554906c0f3b3588d37b5cb939b1c061f4907e278e0
safe-netrc==1.0.1 --hash=sha256:5f0dd6a5e304b1da3be220f15efedbf09e50779fe90462143c228c781b9d8218
scikit-learn==1.8.0 --hash=sha256:a0bcfe4d0d14aec44921545fd2af2338c7471de9cb701f1da4c9d85906ab847a
scipy==1.17.1 --hash=sha256:02ae3b274fde71c5e92ac4d54bc06c42d80e399fec704383dcd99b301df37458
scitokens==1.9.7 --hash=sha256:05a539ece3a114233e28c5b1552e5d1fbd13282c6ce683f5a073de116b228df0
setuptools==82.0.1 --hash=sha256:a59e362652f08dcd477c78bb6e7bd9d80a7995bc73ce773050228a348ce2e5bb
shapely==2.1.2 --hash=sha256:1e7d4d7ad262a48bb44277ca12c7c78cb1b0f56b32c10734ec9a1d30c0b0c54b
six==1.17.0 --hash=sha256:4721f391ed90541fddacab5acf947aa0d3dc7d27b2e1e8eda2be8970586c3274
slicerator==1.1.0 --hash=sha256:167668d48c6d3a5ba0bd3d54b2688e81ee267dc20aef299e547d711e6f3c441a
soupsieve==2.7 --hash=sha256:6e60cc5c1ffaf1cebcc12e8188320b72071e922c2e897f737cadce79ad5d30c4
sympy==1.14.0 --hash=sha256:e091cc3e99d2141a0ba2847328f5479b05d94a6635cb96148ccb3f34671bd8f5
threadpoolctl==3.6.0 --hash=sha256:43a0b8fd5a2928500110039e43a5eed8480b918967083ea48dc3ab9f13c4a7fb
tifffile==2026.3.3 --hash=sha256:e8be15c94273113d31ecb7aa3a39822189dd11c4967e3cc88c178f1ad2fd1170
toolz==1.1.0 --hash=sha256:15ccc861ac51c53696de0a5d6d4607f99c210739caf987b5d2054f3efed429d8
torch==2.8.0+cu128 --hash=sha256:4354fc05bb79b208d6995a04ca1ceef6a9547b1c4334435574353d381c55087c
tqdm==4.67.3 --hash=sha256:ee1e4c0e59148062281c49d80b25b67771a127c85fc9676d3be5f243206826bf
triton==3.4.0 --hash=sha256:31c1d84a5c0ec2c0f8e8a072d7fd150cab84a9c239eaddc6706c081bfae4eb04
typing-extensions==4.14.1 --hash=sha256:d1e1e3b58374dc93031d6eda2420a48ea44a36c2b4766a4fdeb3710755731d76
tzdata==2026.3 --hash=sha256:dc096730c87af6cab1b171c9d532be840741ff5d459015e7f6947bd7d7e54931
tzlocal==5.3.1 --hash=sha256:eb1a66c3ef5847adf7a834f1be0800581b683b5608e74f86ecbcef8ab91bb85d
urllib3==2.1.0 --hash=sha256:55901e917a5896a349ff771be919f8bd99aff50b79fe58fec595eb37bbc56bb3
wheel==0.46.3 --hash=sha256:4b399d56c9d9338230118d705d9737a2a468ccca63d5e813e2a4fc7815d8bc4d
zarr==3.2.1 --hash=sha256:f78cdd3d9687ad0e9f9cba2c5683b64f0c52589c19f685eeabe872e93cc0d2c7
